
Microsoft Visual Studio Solution File, Format Version 12.00
# Visual Studio Version 17
VisualStudioVersion = 17.7.34009.444
MinimumVisualStudioVersion = 10.0.40219.1
Project("{FAE04EC0-301F-11D3-BF4B-00C04F79EFBC}") = "POC-elastic-kibana.API", "POC-elastic-kibana.API\POC-elastic-kibana.API.csproj", "{23B46312-517B-484C-A0C4-39B5B083638D}"
EndProject
Global
	GlobalSection(SolutionConfigurationPlatforms) = preSolution
		Debug|Any CPU = Debug|Any CPU
		Release|Any CPU = Release|Any CPU
	EndGlobalSection
	GlobalSection(ProjectConfigurationPlatforms) = postSolution
		{23B46312-517B-484C-A0C4-39B5B083638D}.Debug|Any CPU.ActiveCfg = Debug|Any CPU
		{23B46312-517B-484C-A0C4-39B5B083638D}.Debug|Any CPU.Build.0 = Debug|Any CPU
		{23B46312-517B-484C-A0C4-39B5B083638D}.Release|Any CPU.ActiveCfg = Release|Any CPU
		{23B46312-517B-484C-A0C4-39B5B083638D}.Release|Any CPU.Build.0 = Release|Any CPU
	EndGlobalSection
	GlobalSection(SolutionProperties) = preSolution
		HideSolutionNode = FALSE
	EndGlobalSection
	GlobalSection(ExtensibilityGlobals) = postSolution
		SolutionGuid = {F62221B5-4A00-4283-BC74-124D87D1022C}
	EndGlobalSection
EndGlobal
